github.com/sudzekai-web-os/abstractions v1.1.1 h1:a9ePhanzlnLiNSJGwp6z9z0cZbse/XywUd2u+Q4C0Ts=
github.com/sudzekai-web-os/abstractions v1.1.1/go.mod h1:jTbeMM1CVAVvMEYorgx/YNjpGlR08jg7hupHGrDfc2w=
github.com/sudzekai-web-os/core v0.0.4 h1:8/vD1bbceDobwMnrp9Y6xhVgQt1WYNO3XvlLjaHLcU4=
github.com/sudzekai-web-os/core v0.0.4/go.mod h1:q2/Rbc7/4UCWv6tSUa4oDP+Z7l78iOAhO5URMP4D3YY=
github.com/sudzekai-web-os/mediator v1.1.0 h1:TG23vquJ1a6943jBWlCXRuidklYAVdTyZUy2Ev+JMuU=
github.com/sudzekai-web-os/mediator v1.1.0/go.mod h1:3zsCz3v3pc7oeJ6gvigq2BfAv/ijG8n9KCcP0SETBRE=
github.com/sudzekai-web-os/types v1.0.4 h1:3W5FgFJ/4/sT2yCLYkevy/Pfk3NSQvqpFv5LeF9z+iw=
github.com/sudzekai-web-os/types v1.0.4/go.mod h1:Jn/g3qidr+vtt+xVwEPdzIwe0eQ2p7xH9OZe/weiWZ0=
